
Microsoft Visual Studio Solution File, Format Version 9.00
# Visual Studio 2005
Project("{FAE04EC0-301F-11D3-BF4B-00C04F79EFBC}") = "Bobi", "Bobi\Bobi.csproj", "{814F7961-07CA-4873-A3A9-89DBE2EDB442}"
EndProject
Project("{54435603-DBB4-11D2-8724-00A0C9A8B90C}") = "Setup", "Setup\Setup.vdproj", "{8C658D73-B1CC-432F-8440-5AB8A5D5D615}"
EndProject
Global
	GlobalSection(SolutionConfigurationPlatforms) = preSolution
		Debug|Any CPU = Debug|Any CPU
		Release|Any CPU = Release|Any CPU
	EndGlobalSection
	GlobalSection(ProjectConfigurationPlatforms) = postSolution
		{814F7961-07CA-4873-A3A9-89DBE2EDB442}.Debug|Any CPU.ActiveCfg = Debug|Any CPU
		{814F7961-07CA-4873-A3A9-89DBE2EDB442}.Debug|Any CPU.Build.0 = Debug|Any CPU
		{814F7961-07CA-4873-A3A9-89DBE2EDB442}.Release|Any CPU.ActiveCfg = Release|Any CPU
		{814F7961-07CA-4873-A3A9-89DBE2EDB442}.Release|Any CPU.Build.0 = Release|Any CPU
		{8C658D73-B1CC-432F-8440-5AB8A5D5D615}.Debug|Any CPU.ActiveCfg = Debug
		{8C658D73-B1CC-432F-8440-5AB8A5D5D615}.Release|Any CPU.ActiveCfg = Release
	EndGlobalSection
	GlobalSection(SolutionProperties) = preSolution
		HideSolutionNode = FALSE
	EndGlobalSection
EndGlobal
