
Microsoft Visual Studio Solution File, Format Version 9.00
# Visual Studio 2005
Project("{FAE04EC0-301F-11D3-BF4B-00C04F79EFBC}") = "Zaboom", "Zaboom\Zaboom.csproj", "{64B812FD-1BFE-4232-9AA3-251800B6044C}"
EndProject
Global
	GlobalSection(SolutionConfigurationPlatforms) = preSolution
		Debug|Any CPU = Debug|Any CPU
		Release|Any CPU = Release|Any CPU
	EndGlobalSection
	GlobalSection(ProjectConfigurationPlatforms) = postSolution
		{64B812FD-1BFE-4232-9AA3-251800B6044C}.Debug|Any CPU.ActiveCfg = Debug|Any CPU
		{64B812FD-1BFE-4232-9AA3-251800B6044C}.Debug|Any CPU.Build.0 = Debug|Any CPU
		{64B812FD-1BFE-4232-9AA3-251800B6044C}.Release|Any CPU.ActiveCfg = Release|Any CPU
		{64B812FD-1BFE-4232-9AA3-251800B6044C}.Release|Any CPU.Build.0 = Release|Any CPU
	EndGlobalSection
	GlobalSection(SolutionProperties) = preSolution
		HideSolutionNode = FALSE
	EndGlobalSection
EndGlobal
