
Microsoft Visual Studio Solution File, Format Version 12.00
# Visual Studio Version 17
VisualStudioVersion = 17.14.37027.9 d17.14
MinimumVisualStudioVersion = 10.0.40219.1
Project("{FAE04EC0-301F-11D3-BF4B-00C04F79EFBC}") = "SemanticStructureDetector.WinForms", "SemanticStructureDetector.WinForms\SemanticStructureDetector.WinForms.csproj", "{A6A8F1FD-D309-448D-8E88-FAB72D0CBB44}"
EndProject
Global
	GlobalSection(SolutionConfigurationPlatforms) = preSolution
		Debug|Any CPU = Debug|Any CPU
		Release|Any CPU = Release|Any CPU
	EndGlobalSection
	GlobalSection(ProjectConfigurationPlatforms) = postSolution
		{A6A8F1FD-D309-448D-8E88-FAB72D0CBB44}.Debug|Any CPU.ActiveCfg = Debug|Any CPU
		{A6A8F1FD-D309-448D-8E88-FAB72D0CBB44}.Debug|Any CPU.Build.0 = Debug|Any CPU
		{A6A8F1FD-D309-448D-8E88-FAB72D0CBB44}.Release|Any CPU.ActiveCfg = Release|Any CPU
		{A6A8F1FD-D309-448D-8E88-FAB72D0CBB44}.Release|Any CPU.Build.0 = Release|Any CPU
	EndGlobalSection
	GlobalSection(SolutionProperties) = preSolution
		HideSolutionNode = FALSE
	EndGlobalSection
	GlobalSection(ExtensibilityGlobals) = postSolution
		SolutionGuid = {8489FBB9-FA2C-4709-B8B7-07FB10582879}
	EndGlobalSection
EndGlobal
