
Microsoft Visual Studio Solution File, Format Version 9.00
# Visual Studio 2005
Project("{FAE04EC0-301F-11D3-BF4B-00C04F79EFBC}") = "Obi", "Obi\Obi_debug.csproj", "{1553F3D3-A820-400E-9B98-BCCA970E1D58}"
	ProjectSection(WebsiteProperties) = preProject
		Debug.AspNetCompiler.Debug = "True"
		Release.AspNetCompiler.Debug = "False"
	EndProjectSection
EndProject
Project("{FAE04EC0-301F-11D3-BF4B-00C04F79EFBC}") = "AudioLib", "utilities\AudioFormatConverter\AudioLib\AudioLib.csproj", "{6EE8E00A-DB7C-41A7-BC66-527CB4C08D83}"
	ProjectSection(WebsiteProperties) = preProject
		Debug.AspNetCompiler.Debug = "True"
		Release.AspNetCompiler.Debug = "False"
	EndProjectSection
EndProject
Project("{FAE04EC0-301F-11D3-BF4B-00C04F79EFBC}") = "NAudio", "..\..\..\urakawa-sdk\trunk\csharp\audio\NAudio\NAudio.csproj", "{DA4F02E3-0B5E-42CD-B8D9-5583FA51D66E}"
	ProjectSection(WebsiteProperties) = preProject
		Debug.AspNetCompiler.Debug = "True"
		Release.AspNetCompiler.Debug = "False"
	EndProjectSection
EndProject
Project("{FAE04EC0-301F-11D3-BF4B-00C04F79EFBC}") = "Mp3Sharp", "..\..\..\urakawa-sdk\trunk\csharp\audio\mp3-sharp\Mp3Sharp.csproj", "{834CAB58-648D-47CC-AC6F-D01C08C809A4}"
	ProjectSection(WebsiteProperties) = preProject
		Debug.AspNetCompiler.Debug = "True"
		Release.AspNetCompiler.Debug = "False"
	EndProjectSection
EndProject
Project("{FAE04EC0-301F-11D3-BF4B-00C04F79EFBC}") = "core", "..\..\..\urakawa-sdk\branches\1.1_before_major_refactor_2.0\csharp\core\core.csproj", "{7176AEC6-D8DD-46F2-B28E-5D9E0601ADB9}"
	ProjectSection(WebsiteProperties) = preProject
		Debug.AspNetCompiler.Debug = "True"
		Release.AspNetCompiler.Debug = "False"
	EndProjectSection
EndProject
Global
	GlobalSection(SolutionConfigurationPlatforms) = preSolution
		Debug|Any CPU = Debug|Any CPU
		Minimal Debug|Any CPU = Minimal Debug|Any CPU
		Release|Any CPU = Release|Any CPU
		test|Any CPU = test|Any CPU
	EndGlobalSection
	GlobalSection(ProjectConfigurationPlatforms) = postSolution
		{1553F3D3-A820-400E-9B98-BCCA970E1D58}.Debug|Any CPU.ActiveCfg = Debug|Any CPU
		{1553F3D3-A820-400E-9B98-BCCA970E1D58}.Debug|Any CPU.Build.0 = Debug|Any CPU
		{1553F3D3-A820-400E-9B98-BCCA970E1D58}.Minimal Debug|Any CPU.ActiveCfg = Debug|Any CPU
		{1553F3D3-A820-400E-9B98-BCCA970E1D58}.Minimal Debug|Any CPU.Build.0 = Debug|Any CPU
		{1553F3D3-A820-400E-9B98-BCCA970E1D58}.Release|Any CPU.ActiveCfg = Release|Any CPU
		{1553F3D3-A820-400E-9B98-BCCA970E1D58}.Release|Any CPU.Build.0 = Release|Any CPU
		{1553F3D3-A820-400E-9B98-BCCA970E1D58}.test|Any CPU.ActiveCfg = Release|x86
		{6EE8E00A-DB7C-41A7-BC66-527CB4C08D83}.Debug|Any CPU.ActiveCfg = Debug|Any CPU
		{6EE8E00A-DB7C-41A7-BC66-527CB4C08D83}.Debug|Any CPU.Build.0 = Debug|Any CPU
		{6EE8E00A-DB7C-41A7-BC66-527CB4C08D83}.Minimal Debug|Any CPU.ActiveCfg = Debug|Any CPU
		{6EE8E00A-DB7C-41A7-BC66-527CB4C08D83}.Minimal Debug|Any CPU.Build.0 = Debug|Any CPU
		{6EE8E00A-DB7C-41A7-BC66-527CB4C08D83}.Release|Any CPU.ActiveCfg = Release|Any CPU
		{6EE8E00A-DB7C-41A7-BC66-527CB4C08D83}.Release|Any CPU.Build.0 = Release|Any CPU
		{6EE8E00A-DB7C-41A7-BC66-527CB4C08D83}.test|Any CPU.ActiveCfg = Release|Any CPU
		{6EE8E00A-DB7C-41A7-BC66-527CB4C08D83}.test|Any CPU.Build.0 = Release|Any CPU
		{DA4F02E3-0B5E-42CD-B8D9-5583FA51D66E}.Debug|Any CPU.ActiveCfg = Debug|Any CPU
		{DA4F02E3-0B5E-42CD-B8D9-5583FA51D66E}.Debug|Any CPU.Build.0 = Debug|Any CPU
		{DA4F02E3-0B5E-42CD-B8D9-5583FA51D66E}.Minimal Debug|Any CPU.ActiveCfg = Debug|Any CPU
		{DA4F02E3-0B5E-42CD-B8D9-5583FA51D66E}.Minimal Debug|Any CPU.Build.0 = Debug|Any CPU
		{DA4F02E3-0B5E-42CD-B8D9-5583FA51D66E}.Release|Any CPU.ActiveCfg = Release|Any CPU
		{DA4F02E3-0B5E-42CD-B8D9-5583FA51D66E}.Release|Any CPU.Build.0 = Release|Any CPU
		{DA4F02E3-0B5E-42CD-B8D9-5583FA51D66E}.test|Any CPU.ActiveCfg = Release|Any CPU
		{DA4F02E3-0B5E-42CD-B8D9-5583FA51D66E}.test|Any CPU.Build.0 = Release|Any CPU
		{834CAB58-648D-47CC-AC6F-D01C08C809A4}.Debug|Any CPU.ActiveCfg = Debug|Any CPU
		{834CAB58-648D-47CC-AC6F-D01C08C809A4}.Debug|Any CPU.Build.0 = Debug|Any CPU
		{834CAB58-648D-47CC-AC6F-D01C08C809A4}.Minimal Debug|Any CPU.ActiveCfg = Debug|Any CPU
		{834CAB58-648D-47CC-AC6F-D01C08C809A4}.Minimal Debug|Any CPU.Build.0 = Debug|Any CPU
		{834CAB58-648D-47CC-AC6F-D01C08C809A4}.Release|Any CPU.ActiveCfg = Release|Any CPU
		{834CAB58-648D-47CC-AC6F-D01C08C809A4}.Release|Any CPU.Build.0 = Release|Any CPU
		{834CAB58-648D-47CC-AC6F-D01C08C809A4}.test|Any CPU.ActiveCfg = test|Any CPU
		{834CAB58-648D-47CC-AC6F-D01C08C809A4}.test|Any CPU.Build.0 = test|Any CPU
		{7176AEC6-D8DD-46F2-B28E-5D9E0601ADB9}.Debug|Any CPU.ActiveCfg = Debug|Any CPU
		{7176AEC6-D8DD-46F2-B28E-5D9E0601ADB9}.Debug|Any CPU.Build.0 = Debug|Any CPU
		{7176AEC6-D8DD-46F2-B28E-5D9E0601ADB9}.Minimal Debug|Any CPU.ActiveCfg = Minimal Debug|Any CPU
		{7176AEC6-D8DD-46F2-B28E-5D9E0601ADB9}.Minimal Debug|Any CPU.Build.0 = Minimal Debug|Any CPU
		{7176AEC6-D8DD-46F2-B28E-5D9E0601ADB9}.Release|Any CPU.ActiveCfg = Release|Any CPU
		{7176AEC6-D8DD-46F2-B28E-5D9E0601ADB9}.Release|Any CPU.Build.0 = Release|Any CPU
		{7176AEC6-D8DD-46F2-B28E-5D9E0601ADB9}.test|Any CPU.ActiveCfg = Minimal Debug|Any CPU
		{7176AEC6-D8DD-46F2-B28E-5D9E0601ADB9}.test|Any CPU.Build.0 = Minimal Debug|Any CPU
	EndGlobalSection
	GlobalSection(SolutionProperties) = preSolution
		HideSolutionNode = FALSE
	EndGlobalSection
EndGlobal
