
Microsoft Visual Studio Solution File, Format Version 12.00
# Visual Studio Version 17
VisualStudioVersion = 17.4.33122.133
MinimumVisualStudioVersion = 10.0.40219.1
Project("{9A19103F-16F7-4668-BE54-9A1E7A4F7556}") = "Obi", "Obi\Obi.csproj", "{1553F3D3-A820-400E-9B98-BCCA970E1D58}"
EndProject
Project("{54435603-DBB4-11D2-8724-00A0C9A8B90C}") = "Setup", "Setup\Setup.vdproj", "{3A8E7FDE-EBBE-4757-BAD2-35CDB25D5138}"
	ProjectSection(ProjectDependencies) = postProject
		{1553F3D3-A820-400E-9B98-BCCA970E1D58} = {1553F3D3-A820-400E-9B98-BCCA970E1D58}
		{2F71BF55-5EE2-4AAF-9728-D0C086819A9E} = {2F71BF55-5EE2-4AAF-9728-D0C086819A9E}
		{5A0821C6-D0BD-4FB1-8146-7C685559EFE8} = {5A0821C6-D0BD-4FB1-8146-7C685559EFE8}
		{7762BD58-3F14-4257-B7FD-B5DAF65AB63C} = {7762BD58-3F14-4257-B7FD-B5DAF65AB63C}
		{A0BDEEDF-E8D1-4E20-A1EC-7842E795DE51} = {A0BDEEDF-E8D1-4E20-A1EC-7842E795DE51}
		{DA4F02E3-0B5E-42CD-B8D9-5583FA51D66E} = {DA4F02E3-0B5E-42CD-B8D9-5583FA51D66E}
		{DDEB9FA1-8435-456F-91E8-3C23125BE427} = {DDEB9FA1-8435-456F-91E8-3C23125BE427}
		{DFB7F2B5-7690-45DB-B319-82A5C31B5607} = {DFB7F2B5-7690-45DB-B319-82A5C31B5607}
	EndProjectSection
EndProject
Project("{9A19103F-16F7-4668-BE54-9A1E7A4F7556}") = "CheckDX", "Setup\CustomActions\CheckDX\CheckDX\CheckDX.csproj", "{27BFE0B9-BCF1-4B68-8FE9-828037A48F4D}"
EndProject
Project("{9A19103F-16F7-4668-BE54-9A1E7A4F7556}") = "PipelineInterface", "PipelineInterface\PipelineInterface.csproj", "{DDEB9FA1-8435-456F-91E8-3C23125BE427}"
EndProject
Project("{9A19103F-16F7-4668-BE54-9A1E7A4F7556}") = "AudioLib_NET9", "..\..\urakawa-sdk\csharp\audio\AudioLib\AudioLib_NET9.csproj", "{7762BD58-3F14-4257-B7FD-B5DAF65AB63C}"
EndProject
Project("{9A19103F-16F7-4668-BE54-9A1E7A4F7556}") = "DTDs_NET9", "..\..\urakawa-sdk\csharp\dtds\DTDs_NET9.csproj", "{5A0821C6-D0BD-4FB1-8146-7C685559EFE8}"
EndProject
Project("{9A19103F-16F7-4668-BE54-9A1E7A4F7556}") = "UrakawaSDK.core_NET9", "..\..\urakawa-sdk\csharp\core\UrakawaSDK.core_NET9.csproj", "{A0BDEEDF-E8D1-4E20-A1EC-7842E795DE51}"
EndProject
Project("{9A19103F-16F7-4668-BE54-9A1E7A4F7556}") = "UrakawaSDK.daisy_NET9", "..\..\urakawa-sdk\csharp\daisy\UrakawaSDK.daisy_NET9.csproj", "{2F71BF55-5EE2-4AAF-9728-D0C086819A9E}"
EndProject
Project("{9A19103F-16F7-4668-BE54-9A1E7A4F7556}") = "Mp3Sharp_NET9", "..\..\urakawa-sdk\csharp\audio\mp3-sharp\Mp3Sharp_NET9.csproj", "{DFB7F2B5-7690-45DB-B319-82A5C31B5607}"
EndProject
Project("{FAE04EC0-301F-11D3-BF4B-00C04F79EFBC}") = "NAudio_NET9", "..\..\urakawa-sdk\csharp\audio\NAudio\NAudio_NET9.csproj", "{DA4F02E3-0B5E-42CD-B8D9-5583FA51D66E}"
EndProject
Project("{FAE04EC0-301F-11D3-BF4B-00C04F79EFBC}") = "InstallerFileOperations", "Setup\CustomActions\InstallerFileOperations\InstallerFileOperations.csproj", "{69E49EF9-FB19-4774-8234-C75105CD42D6}"
EndProject
Global
	GlobalSection(SolutionConfigurationPlatforms) = preSolution
		Debug|Any CPU = Debug|Any CPU
		Minimal Debug|Any CPU = Minimal Debug|Any CPU
		Release|Any CPU = Release|Any CPU
		test|Any CPU = test|Any CPU
	EndGlobalSection
	GlobalSection(ProjectConfigurationPlatforms) = postSolution
		{1553F3D3-A820-400E-9B98-BCCA970E1D58}.Debug|Any CPU.ActiveCfg = Debug|Any CPU
		{1553F3D3-A820-400E-9B98-BCCA970E1D58}.Debug|Any CPU.Build.0 = Debug|Any CPU
		{1553F3D3-A820-400E-9B98-BCCA970E1D58}.Minimal Debug|Any CPU.ActiveCfg = Debug|Any CPU
		{1553F3D3-A820-400E-9B98-BCCA970E1D58}.Minimal Debug|Any CPU.Build.0 = Debug|Any CPU
		{1553F3D3-A820-400E-9B98-BCCA970E1D58}.Release|Any CPU.ActiveCfg = Release|Any CPU
		{1553F3D3-A820-400E-9B98-BCCA970E1D58}.Release|Any CPU.Build.0 = Release|Any CPU
		{1553F3D3-A820-400E-9B98-BCCA970E1D58}.test|Any CPU.ActiveCfg = Release|x86
		{3A8E7FDE-EBBE-4757-BAD2-35CDB25D5138}.Debug|Any CPU.ActiveCfg = Release
		{3A8E7FDE-EBBE-4757-BAD2-35CDB25D5138}.Minimal Debug|Any CPU.ActiveCfg = Debug
		{3A8E7FDE-EBBE-4757-BAD2-35CDB25D5138}.Minimal Debug|Any CPU.Build.0 = Debug
		{3A8E7FDE-EBBE-4757-BAD2-35CDB25D5138}.Release|Any CPU.ActiveCfg = Release
		{3A8E7FDE-EBBE-4757-BAD2-35CDB25D5138}.test|Any CPU.ActiveCfg = Release
		{3A8E7FDE-EBBE-4757-BAD2-35CDB25D5138}.test|Any CPU.Build.0 = Release
		{27BFE0B9-BCF1-4B68-8FE9-828037A48F4D}.Debug|Any CPU.ActiveCfg = Release|Any CPU
		{27BFE0B9-BCF1-4B68-8FE9-828037A48F4D}.Debug|Any CPU.Build.0 = Release|Any CPU
		{27BFE0B9-BCF1-4B68-8FE9-828037A48F4D}.Minimal Debug|Any CPU.ActiveCfg = Debug|Any CPU
		{27BFE0B9-BCF1-4B68-8FE9-828037A48F4D}.Minimal Debug|Any CPU.Build.0 = Debug|Any CPU
		{27BFE0B9-BCF1-4B68-8FE9-828037A48F4D}.Release|Any CPU.ActiveCfg = Release|Any CPU
		{27BFE0B9-BCF1-4B68-8FE9-828037A48F4D}.Release|Any CPU.Build.0 = Release|Any CPU
		{27BFE0B9-BCF1-4B68-8FE9-828037A48F4D}.test|Any CPU.ActiveCfg = Release|Any CPU
		{27BFE0B9-BCF1-4B68-8FE9-828037A48F4D}.test|Any CPU.Build.0 = Release|Any CPU
		{DDEB9FA1-8435-456F-91E8-3C23125BE427}.Debug|Any CPU.ActiveCfg = Release|Any CPU
		{DDEB9FA1-8435-456F-91E8-3C23125BE427}.Debug|Any CPU.Build.0 = Release|Any CPU
		{DDEB9FA1-8435-456F-91E8-3C23125BE427}.Minimal Debug|Any CPU.ActiveCfg = Debug|Any CPU
		{DDEB9FA1-8435-456F-91E8-3C23125BE427}.Minimal Debug|Any CPU.Build.0 = Debug|Any CPU
		{DDEB9FA1-8435-456F-91E8-3C23125BE427}.Release|Any CPU.ActiveCfg = Release|Any CPU
		{DDEB9FA1-8435-456F-91E8-3C23125BE427}.Release|Any CPU.Build.0 = Release|Any CPU
		{DDEB9FA1-8435-456F-91E8-3C23125BE427}.test|Any CPU.ActiveCfg = Release|Any CPU
		{DDEB9FA1-8435-456F-91E8-3C23125BE427}.test|Any CPU.Build.0 = Release|Any CPU
		{7762BD58-3F14-4257-B7FD-B5DAF65AB63C}.Debug|Any CPU.ActiveCfg = Debug|Any CPU
		{7762BD58-3F14-4257-B7FD-B5DAF65AB63C}.Debug|Any CPU.Build.0 = Debug|Any CPU
		{7762BD58-3F14-4257-B7FD-B5DAF65AB63C}.Minimal Debug|Any CPU.ActiveCfg = Debug|Any CPU
		{7762BD58-3F14-4257-B7FD-B5DAF65AB63C}.Minimal Debug|Any CPU.Build.0 = Debug|Any CPU
		{7762BD58-3F14-4257-B7FD-B5DAF65AB63C}.Release|Any CPU.ActiveCfg = Release|Any CPU
		{7762BD58-3F14-4257-B7FD-B5DAF65AB63C}.Release|Any CPU.Build.0 = Release|Any CPU
		{7762BD58-3F14-4257-B7FD-B5DAF65AB63C}.test|Any CPU.ActiveCfg = Debug|Any CPU
		{7762BD58-3F14-4257-B7FD-B5DAF65AB63C}.test|Any CPU.Build.0 = Debug|Any CPU
		{5A0821C6-D0BD-4FB1-8146-7C685559EFE8}.Debug|Any CPU.ActiveCfg = Debug|Any CPU
		{5A0821C6-D0BD-4FB1-8146-7C685559EFE8}.Debug|Any CPU.Build.0 = Debug|Any CPU
		{5A0821C6-D0BD-4FB1-8146-7C685559EFE8}.Minimal Debug|Any CPU.ActiveCfg = Debug|Any CPU
		{5A0821C6-D0BD-4FB1-8146-7C685559EFE8}.Minimal Debug|Any CPU.Build.0 = Debug|Any CPU
		{5A0821C6-D0BD-4FB1-8146-7C685559EFE8}.Release|Any CPU.ActiveCfg = Release|Any CPU
		{5A0821C6-D0BD-4FB1-8146-7C685559EFE8}.Release|Any CPU.Build.0 = Release|Any CPU
		{5A0821C6-D0BD-4FB1-8146-7C685559EFE8}.test|Any CPU.ActiveCfg = Debug|Any CPU
		{5A0821C6-D0BD-4FB1-8146-7C685559EFE8}.test|Any CPU.Build.0 = Debug|Any CPU
		{A0BDEEDF-E8D1-4E20-A1EC-7842E795DE51}.Debug|Any CPU.ActiveCfg = Debug|Any CPU
		{A0BDEEDF-E8D1-4E20-A1EC-7842E795DE51}.Debug|Any CPU.Build.0 = Debug|Any CPU
		{A0BDEEDF-E8D1-4E20-A1EC-7842E795DE51}.Minimal Debug|Any CPU.ActiveCfg = Debug|Any CPU
		{A0BDEEDF-E8D1-4E20-A1EC-7842E795DE51}.Minimal Debug|Any CPU.Build.0 = Debug|Any CPU
		{A0BDEEDF-E8D1-4E20-A1EC-7842E795DE51}.Release|Any CPU.ActiveCfg = Release|Any CPU
		{A0BDEEDF-E8D1-4E20-A1EC-7842E795DE51}.Release|Any CPU.Build.0 = Release|Any CPU
		{A0BDEEDF-E8D1-4E20-A1EC-7842E795DE51}.test|Any CPU.ActiveCfg = Debug|Any CPU
		{A0BDEEDF-E8D1-4E20-A1EC-7842E795DE51}.test|Any CPU.Build.0 = Debug|Any CPU
		{2F71BF55-5EE2-4AAF-9728-D0C086819A9E}.Debug|Any CPU.ActiveCfg = Debug|Any CPU
		{2F71BF55-5EE2-4AAF-9728-D0C086819A9E}.Debug|Any CPU.Build.0 = Debug|Any CPU
		{2F71BF55-5EE2-4AAF-9728-D0C086819A9E}.Minimal Debug|Any CPU.ActiveCfg = Debug|Any CPU
		{2F71BF55-5EE2-4AAF-9728-D0C086819A9E}.Minimal Debug|Any CPU.Build.0 = Debug|Any CPU
		{2F71BF55-5EE2-4AAF-9728-D0C086819A9E}.Release|Any CPU.ActiveCfg = Release|Any CPU
		{2F71BF55-5EE2-4AAF-9728-D0C086819A9E}.Release|Any CPU.Build.0 = Release|Any CPU
		{2F71BF55-5EE2-4AAF-9728-D0C086819A9E}.test|Any CPU.ActiveCfg = Debug|Any CPU
		{2F71BF55-5EE2-4AAF-9728-D0C086819A9E}.test|Any CPU.Build.0 = Debug|Any CPU
		{DFB7F2B5-7690-45DB-B319-82A5C31B5607}.Debug|Any CPU.ActiveCfg = Debug|Any CPU
		{DFB7F2B5-7690-45DB-B319-82A5C31B5607}.Debug|Any CPU.Build.0 = Debug|Any CPU
		{DFB7F2B5-7690-45DB-B319-82A5C31B5607}.Minimal Debug|Any CPU.ActiveCfg = Debug|Any CPU
		{DFB7F2B5-7690-45DB-B319-82A5C31B5607}.Minimal Debug|Any CPU.Build.0 = Debug|Any CPU
		{DFB7F2B5-7690-45DB-B319-82A5C31B5607}.Release|Any CPU.ActiveCfg = Release|Any CPU
		{DFB7F2B5-7690-45DB-B319-82A5C31B5607}.Release|Any CPU.Build.0 = Release|Any CPU
		{DFB7F2B5-7690-45DB-B319-82A5C31B5607}.test|Any CPU.ActiveCfg = Debug|Any CPU
		{DFB7F2B5-7690-45DB-B319-82A5C31B5607}.test|Any CPU.Build.0 = Debug|Any CPU
		{DA4F02E3-0B5E-42CD-B8D9-5583FA51D66E}.Debug|Any CPU.ActiveCfg = Debug|Any CPU
		{DA4F02E3-0B5E-42CD-B8D9-5583FA51D66E}.Debug|Any CPU.Build.0 = Debug|Any CPU
		{DA4F02E3-0B5E-42CD-B8D9-5583FA51D66E}.Minimal Debug|Any CPU.ActiveCfg = Debug|Any CPU
		{DA4F02E3-0B5E-42CD-B8D9-5583FA51D66E}.Minimal Debug|Any CPU.Build.0 = Debug|Any CPU
		{DA4F02E3-0B5E-42CD-B8D9-5583FA51D66E}.Release|Any CPU.ActiveCfg = Release|Any CPU
		{DA4F02E3-0B5E-42CD-B8D9-5583FA51D66E}.Release|Any CPU.Build.0 = Release|Any CPU
		{DA4F02E3-0B5E-42CD-B8D9-5583FA51D66E}.test|Any CPU.ActiveCfg = Debug|Any CPU
		{DA4F02E3-0B5E-42CD-B8D9-5583FA51D66E}.test|Any CPU.Build.0 = Debug|Any CPU
		{69E49EF9-FB19-4774-8234-C75105CD42D6}.Debug|Any CPU.ActiveCfg = Debug|Any CPU
		{69E49EF9-FB19-4774-8234-C75105CD42D6}.Debug|Any CPU.Build.0 = Debug|Any CPU
		{69E49EF9-FB19-4774-8234-C75105CD42D6}.Minimal Debug|Any CPU.ActiveCfg = Release|Any CPU
		{69E49EF9-FB19-4774-8234-C75105CD42D6}.Minimal Debug|Any CPU.Build.0 = Release|Any CPU
		{69E49EF9-FB19-4774-8234-C75105CD42D6}.Release|Any CPU.ActiveCfg = Release|Any CPU
		{69E49EF9-FB19-4774-8234-C75105CD42D6}.Release|Any CPU.Build.0 = Release|Any CPU
		{69E49EF9-FB19-4774-8234-C75105CD42D6}.test|Any CPU.ActiveCfg = Debug|Any CPU
		{69E49EF9-FB19-4774-8234-C75105CD42D6}.test|Any CPU.Build.0 = Debug|Any CPU
	EndGlobalSection
	GlobalSection(SolutionProperties) = preSolution
		HideSolutionNode = FALSE
	EndGlobalSection
	GlobalSection(ExtensibilityGlobals) = postSolution
		SolutionGuid = {FA45E2E8-94C5-485D-850A-C4D92CB5AF8D}
	EndGlobalSection
EndGlobal
