Microsoft Visual Studio Solution File, Format Version 8.00
Project("{FAE04EC0-301F-11D3-BF4B-00C04F79EFBC}") = "VirtualAudioBackend", "VirtualAudioBackend.csproj", "{DED17369-21EE-4E7D-98FE-ABF4FD043496}"
	ProjectSection(ProjectDependencies) = postProject
	EndProjectSection
EndProject
Global
	GlobalSection(SolutionConfiguration) = preSolution
		Debug = Debug
		Release = Release
	EndGlobalSection
	GlobalSection(ProjectConfiguration) = postSolution
		{DED17369-21EE-4E7D-98FE-ABF4FD043496}.Debug.ActiveCfg = Debug|.NET
		{DED17369-21EE-4E7D-98FE-ABF4FD043496}.Debug.Build.0 = Debug|.NET
		{DED17369-21EE-4E7D-98FE-ABF4FD043496}.Release.ActiveCfg = Release|.NET
		{DED17369-21EE-4E7D-98FE-ABF4FD043496}.Release.Build.0 = Release|.NET
	EndGlobalSection
	GlobalSection(ExtensibilityGlobals) = postSolution
	EndGlobalSection
	GlobalSection(ExtensibilityAddIns) = postSolution
	EndGlobalSection
EndGlobal
