Microsoft Visual Studio Solution File, Format Version 8.00
Project("{FAE04EC0-301F-11D3-BF4B-00C04F79EFBC}") = "TestAudioMediaAsset", "TestAudioMediaAsset.csproj", "{FE1AC0B0-7C27-4C0D-BC19-1C88D14C7D9F}"
	ProjectSection(ProjectDependencies) = postProject
	EndProjectSection
EndProject
Global
	GlobalSection(SolutionConfiguration) = preSolution
		Debug = Debug
		Release = Release
	EndGlobalSection
	GlobalSection(ProjectConfiguration) = postSolution
		{FE1AC0B0-7C27-4C0D-BC19-1C88D14C7D9F}.Debug.ActiveCfg = Debug|.NET
		{FE1AC0B0-7C27-4C0D-BC19-1C88D14C7D9F}.Debug.Build.0 = Debug|.NET
		{FE1AC0B0-7C27-4C0D-BC19-1C88D14C7D9F}.Release.ActiveCfg = Release|.NET
		{FE1AC0B0-7C27-4C0D-BC19-1C88D14C7D9F}.Release.Build.0 = Release|.NET
	EndGlobalSection
	GlobalSection(ExtensibilityGlobals) = postSolution
	EndGlobalSection
	GlobalSection(ExtensibilityAddIns) = postSolution
	EndGlobalSection
EndGlobal
