Microsoft Visual Studio Solution File, Format Version 8.00
Project("{FAE04EC0-301F-11D3-BF4B-00C04F79EFBC}") = "VirtualRecording", "VirtualRecording.csproj", "{7782CB91-946C-4982-871A-B7BDE60DCB51}"
	ProjectSection(ProjectDependencies) = postProject
	EndProjectSection
EndProject
Global
	GlobalSection(SolutionConfiguration) = preSolution
		Debug = Debug
		Release = Release
	EndGlobalSection
	GlobalSection(ProjectConfiguration) = postSolution
		{7782CB91-946C-4982-871A-B7BDE60DCB51}.Debug.ActiveCfg = Debug|.NET
		{7782CB91-946C-4982-871A-B7BDE60DCB51}.Debug.Build.0 = Debug|.NET
		{7782CB91-946C-4982-871A-B7BDE60DCB51}.Release.ActiveCfg = Release|.NET
		{7782CB91-946C-4982-871A-B7BDE60DCB51}.Release.Build.0 = Release|.NET
	EndGlobalSection
	GlobalSection(ExtensibilityGlobals) = postSolution
	EndGlobalSection
	GlobalSection(ExtensibilityAddIns) = postSolution
	EndGlobalSection
EndGlobal
