
Microsoft Visual Studio Solution File, Format Version 11.00
# Visual Studio 2010
Project("{FAE04EC0-301F-11D3-BF4B-00C04F79EFBC}") = "Obi", "Obi\Obi.csproj", "{1553F3D3-A820-400E-9B98-BCCA970E1D58}"
	ProjectSection(WebsiteProperties) = preProject
		Debug.AspNetCompiler.Debug = "True"
		Release.AspNetCompiler.Debug = "False"
	EndProjectSection
EndProject
Project("{54435603-DBB4-11D2-8724-00A0C9A8B90C}") = "Setup", "Setup\Setup.vdproj", "{3A8E7FDE-EBBE-4757-BAD2-35CDB25D5138}"
	ProjectSection(WebsiteProperties) = preProject
		Debug.AspNetCompiler.Debug = "True"
		Release.AspNetCompiler.Debug = "False"
	EndProjectSection
EndProject
Project("{FAE04EC0-301F-11D3-BF4B-00C04F79EFBC}") = "CheckDX", "Setup\CustomActions\CheckDX\CheckDX\CheckDX.csproj", "{27BFE0B9-BCF1-4B68-8FE9-828037A48F4D}"
	ProjectSection(WebsiteProperties) = preProject
		Debug.AspNetCompiler.Debug = "True"
		Release.AspNetCompiler.Debug = "False"
	EndProjectSection
EndProject
Project("{FAE04EC0-301F-11D3-BF4B-00C04F79EFBC}") = "InstallerFileOperations", "Setup\CustomActions\InstallerFileOperations\InstallerFileOperations.csproj", "{03285426-68AD-4273-A6B7-5C6AEA454EFC}"
	ProjectSection(WebsiteProperties) = preProject
		Debug.AspNetCompiler.Debug = "True"
		Release.AspNetCompiler.Debug = "False"
	EndProjectSection
EndProject
Project("{FAE04EC0-301F-11D3-BF4B-00C04F79EFBC}") = "core", "..\..\..\urakawa-sdk\branches\1.1_before_major_refactor_2.0\csharp\core\core.csproj", "{7176AEC6-D8DD-46F2-B28E-5D9E0601ADB9}"
	ProjectSection(WebsiteProperties) = preProject
		Debug.AspNetCompiler.Debug = "True"
		Release.AspNetCompiler.Debug = "False"
	EndProjectSection
EndProject
Global
	GlobalSection(SolutionConfigurationPlatforms) = preSolution
		Debug|Any CPU = Debug|Any CPU
		Minimal Debug|Any CPU = Minimal Debug|Any CPU
		Release|Any CPU = Release|Any CPU
	EndGlobalSection
	GlobalSection(ProjectConfigurationPlatforms) = postSolution
		{1553F3D3-A820-400E-9B98-BCCA970E1D58}.Debug|Any CPU.ActiveCfg = Debug|Any CPU
		{1553F3D3-A820-400E-9B98-BCCA970E1D58}.Debug|Any CPU.Build.0 = Debug|Any CPU
		{1553F3D3-A820-400E-9B98-BCCA970E1D58}.Minimal Debug|Any CPU.ActiveCfg = Debug|Any CPU
		{1553F3D3-A820-400E-9B98-BCCA970E1D58}.Minimal Debug|Any CPU.Build.0 = Debug|Any CPU
		{1553F3D3-A820-400E-9B98-BCCA970E1D58}.Release|Any CPU.ActiveCfg = Release|Any CPU
		{1553F3D3-A820-400E-9B98-BCCA970E1D58}.Release|Any CPU.Build.0 = Release|Any CPU
		{3A8E7FDE-EBBE-4757-BAD2-35CDB25D5138}.Debug|Any CPU.ActiveCfg = Debug
		{3A8E7FDE-EBBE-4757-BAD2-35CDB25D5138}.Minimal Debug|Any CPU.ActiveCfg = Debug
		{3A8E7FDE-EBBE-4757-BAD2-35CDB25D5138}.Minimal Debug|Any CPU.Build.0 = Debug
		{3A8E7FDE-EBBE-4757-BAD2-35CDB25D5138}.Release|Any CPU.ActiveCfg = Release
		{27BFE0B9-BCF1-4B68-8FE9-828037A48F4D}.Debug|Any CPU.ActiveCfg = Debug|Any CPU
		{27BFE0B9-BCF1-4B68-8FE9-828037A48F4D}.Debug|Any CPU.Build.0 = Debug|Any CPU
		{27BFE0B9-BCF1-4B68-8FE9-828037A48F4D}.Minimal Debug|Any CPU.ActiveCfg = Debug|Any CPU
		{27BFE0B9-BCF1-4B68-8FE9-828037A48F4D}.Minimal Debug|Any CPU.Build.0 = Debug|Any CPU
		{27BFE0B9-BCF1-4B68-8FE9-828037A48F4D}.Release|Any CPU.ActiveCfg = Release|Any CPU
		{27BFE0B9-BCF1-4B68-8FE9-828037A48F4D}.Release|Any CPU.Build.0 = Release|Any CPU
		{03285426-68AD-4273-A6B7-5C6AEA454EFC}.Debug|Any CPU.ActiveCfg = Debug|Any CPU
		{03285426-68AD-4273-A6B7-5C6AEA454EFC}.Debug|Any CPU.Build.0 = Debug|Any CPU
		{03285426-68AD-4273-A6B7-5C6AEA454EFC}.Minimal Debug|Any CPU.ActiveCfg = Debug|Any CPU
		{03285426-68AD-4273-A6B7-5C6AEA454EFC}.Minimal Debug|Any CPU.Build.0 = Debug|Any CPU
		{03285426-68AD-4273-A6B7-5C6AEA454EFC}.Release|Any CPU.ActiveCfg = Release|Any CPU
		{03285426-68AD-4273-A6B7-5C6AEA454EFC}.Release|Any CPU.Build.0 = Release|Any CPU
		{7176AEC6-D8DD-46F2-B28E-5D9E0601ADB9}.Debug|Any CPU.ActiveCfg = Debug|Any CPU
		{7176AEC6-D8DD-46F2-B28E-5D9E0601ADB9}.Debug|Any CPU.Build.0 = Debug|Any CPU
		{7176AEC6-D8DD-46F2-B28E-5D9E0601ADB9}.Minimal Debug|Any CPU.ActiveCfg = Minimal Debug|Any CPU
		{7176AEC6-D8DD-46F2-B28E-5D9E0601ADB9}.Minimal Debug|Any CPU.Build.0 = Minimal Debug|Any CPU
		{7176AEC6-D8DD-46F2-B28E-5D9E0601ADB9}.Release|Any CPU.ActiveCfg = Release|Any CPU
		{7176AEC6-D8DD-46F2-B28E-5D9E0601ADB9}.Release|Any CPU.Build.0 = Release|Any CPU
	EndGlobalSection
	GlobalSection(SolutionProperties) = preSolution
		HideSolutionNode = FALSE
	EndGlobalSection
EndGlobal
