
Microsoft Visual Studio Solution File, Format Version 12.00
# Visual Studio 2012
Project("{FAE04EC0-301F-11D3-BF4B-00C04F79EFBC}") = "NAudio", "..\..\..\urakawa-sdk\trunk\csharp\audio\NAudio\NAudio.csproj", "{DA4F02E3-0B5E-42CD-B8D9-5583FA51D66E}"
EndProject
Project("{FAE04EC0-301F-11D3-BF4B-00C04F79EFBC}") = "Mp3Sharp", "..\..\..\urakawa-sdk\trunk\csharp\audio\mp3-sharp\Mp3Sharp.csproj", "{834CAB58-648D-47CC-AC6F-D01C08C809A4}"
EndProject
Project("{FAE04EC0-301F-11D3-BF4B-00C04F79EFBC}") = "PPMeter_2010", "..\..\..\urakawa-sdk\branches\1.1_before_major_refactor_2.0\csharp\audio\PPMeter\PPMeter_2010.csproj", "{58C576A9-CEBA-4274-A643-5867D377FEA3}"
EndProject
Project("{FAE04EC0-301F-11D3-BF4B-00C04F79EFBC}") = "Obi_2010", "Obi\Obi_2010.csproj", "{8144F6D8-B315-43FE-BD90-A374932B4C02}"
EndProject
Project("{FAE04EC0-301F-11D3-BF4B-00C04F79EFBC}") = "UrakawaSDK.core", "..\..\..\urakawa-sdk\trunk\csharp\core\UrakawaSDK.core.csproj", "{7CCD52F9-C801-4C2B-AA9D-B7E217F307A0}"
EndProject
Project("{FAE04EC0-301F-11D3-BF4B-00C04F79EFBC}") = "UrakawaSDK.daisy", "..\..\..\urakawa-sdk\trunk\csharp\daisy\UrakawaSDK.daisy.csproj", "{69E083B4-AC97-4416-B7D4-61DEBA8A910D}"
EndProject
Project("{FAE04EC0-301F-11D3-BF4B-00C04F79EFBC}") = "DTDs", "..\..\..\urakawa-sdk\trunk\csharp\dtds\DTDs.csproj", "{3393A6E2-BB27-4D53-ACAA-629723D51F5E}"
EndProject
Project("{FAE04EC0-301F-11D3-BF4B-00C04F79EFBC}") = "AudioLib", "..\..\..\urakawa-sdk\trunk\csharp\audio\AudioLib\AudioLib.csproj", "{6EE8E00A-DB7C-41A7-BC66-527CB4C08D83}"
EndProject
Project("{FAE04EC0-301F-11D3-BF4B-00C04F79EFBC}") = "PipelineInterface", "PipelineInterface\PipelineInterface.csproj", "{DDEB9FA1-8435-456F-91E8-3C23125BE427}"
EndProject
Project("{FAE04EC0-301F-11D3-BF4B-00C04F79EFBC}") = "SoundTouch.Net", "..\..\..\urakawa-sdk\trunk\csharp\audio\SoundTouch.NET\SoundTouch.Net.csproj", "{EA570592-1FAB-412F-AA0C-159C947608CD}"
EndProject
Global
	GlobalSection(SolutionConfigurationPlatforms) = preSolution
		Debug|Any CPU = Debug|Any CPU
		Debug|x86 = Debug|x86
		Minimal Debug|Any CPU = Minimal Debug|Any CPU
		Minimal Debug|x86 = Minimal Debug|x86
		Release|Any CPU = Release|Any CPU
		Release|x86 = Release|x86
		test|Any CPU = test|Any CPU
		test|x86 = test|x86
	EndGlobalSection
	GlobalSection(ProjectConfigurationPlatforms) = postSolution
		{DA4F02E3-0B5E-42CD-B8D9-5583FA51D66E}.Debug|Any CPU.ActiveCfg = Debug|Any CPU
		{DA4F02E3-0B5E-42CD-B8D9-5583FA51D66E}.Debug|Any CPU.Build.0 = Debug|Any CPU
		{DA4F02E3-0B5E-42CD-B8D9-5583FA51D66E}.Debug|x86.ActiveCfg = Debug|Any CPU
		{DA4F02E3-0B5E-42CD-B8D9-5583FA51D66E}.Minimal Debug|Any CPU.ActiveCfg = Debug|Any CPU
		{DA4F02E3-0B5E-42CD-B8D9-5583FA51D66E}.Minimal Debug|Any CPU.Build.0 = Debug|Any CPU
		{DA4F02E3-0B5E-42CD-B8D9-5583FA51D66E}.Minimal Debug|x86.ActiveCfg = Debug|Any CPU
		{DA4F02E3-0B5E-42CD-B8D9-5583FA51D66E}.Release|Any CPU.ActiveCfg = Release|Any CPU
		{DA4F02E3-0B5E-42CD-B8D9-5583FA51D66E}.Release|Any CPU.Build.0 = Release|Any CPU
		{DA4F02E3-0B5E-42CD-B8D9-5583FA51D66E}.Release|x86.ActiveCfg = Release|Any CPU
		{DA4F02E3-0B5E-42CD-B8D9-5583FA51D66E}.test|Any CPU.ActiveCfg = Release|Any CPU
		{DA4F02E3-0B5E-42CD-B8D9-5583FA51D66E}.test|Any CPU.Build.0 = Release|Any CPU
		{DA4F02E3-0B5E-42CD-B8D9-5583FA51D66E}.test|x86.ActiveCfg = Release|Any CPU
		{834CAB58-648D-47CC-AC6F-D01C08C809A4}.Debug|Any CPU.ActiveCfg = Debug|Any CPU
		{834CAB58-648D-47CC-AC6F-D01C08C809A4}.Debug|Any CPU.Build.0 = Debug|Any CPU
		{834CAB58-648D-47CC-AC6F-D01C08C809A4}.Debug|x86.ActiveCfg = Debug|Any CPU
		{834CAB58-648D-47CC-AC6F-D01C08C809A4}.Minimal Debug|Any CPU.ActiveCfg = Debug|Any CPU
		{834CAB58-648D-47CC-AC6F-D01C08C809A4}.Minimal Debug|Any CPU.Build.0 = Debug|Any CPU
		{834CAB58-648D-47CC-AC6F-D01C08C809A4}.Minimal Debug|x86.ActiveCfg = Debug|Any CPU
		{834CAB58-648D-47CC-AC6F-D01C08C809A4}.Release|Any CPU.ActiveCfg = Release|Any CPU
		{834CAB58-648D-47CC-AC6F-D01C08C809A4}.Release|Any CPU.Build.0 = Release|Any CPU
		{834CAB58-648D-47CC-AC6F-D01C08C809A4}.Release|x86.ActiveCfg = Release|Any CPU
		{834CAB58-648D-47CC-AC6F-D01C08C809A4}.test|Any CPU.ActiveCfg = test|Any CPU
		{834CAB58-648D-47CC-AC6F-D01C08C809A4}.test|Any CPU.Build.0 = test|Any CPU
		{834CAB58-648D-47CC-AC6F-D01C08C809A4}.test|x86.ActiveCfg = test|Any CPU
		{58C576A9-CEBA-4274-A643-5867D377FEA3}.Debug|Any CPU.ActiveCfg = Debug|Any CPU
		{58C576A9-CEBA-4274-A643-5867D377FEA3}.Debug|Any CPU.Build.0 = Debug|Any CPU
		{58C576A9-CEBA-4274-A643-5867D377FEA3}.Debug|x86.ActiveCfg = Debug|Any CPU
		{58C576A9-CEBA-4274-A643-5867D377FEA3}.Minimal Debug|Any CPU.ActiveCfg = Debug|Any CPU
		{58C576A9-CEBA-4274-A643-5867D377FEA3}.Minimal Debug|Any CPU.Build.0 = Debug|Any CPU
		{58C576A9-CEBA-4274-A643-5867D377FEA3}.Minimal Debug|x86.ActiveCfg = Debug|Any CPU
		{58C576A9-CEBA-4274-A643-5867D377FEA3}.Release|Any CPU.ActiveCfg = Release|Any CPU
		{58C576A9-CEBA-4274-A643-5867D377FEA3}.Release|Any CPU.Build.0 = Release|Any CPU
		{58C576A9-CEBA-4274-A643-5867D377FEA3}.Release|x86.ActiveCfg = Release|Any CPU
		{58C576A9-CEBA-4274-A643-5867D377FEA3}.test|Any CPU.ActiveCfg = Release|Any CPU
		{58C576A9-CEBA-4274-A643-5867D377FEA3}.test|Any CPU.Build.0 = Release|Any CPU
		{58C576A9-CEBA-4274-A643-5867D377FEA3}.test|x86.ActiveCfg = Release|Any CPU
		{8144F6D8-B315-43FE-BD90-A374932B4C02}.Debug|Any CPU.ActiveCfg = Debug|Any CPU
		{8144F6D8-B315-43FE-BD90-A374932B4C02}.Debug|Any CPU.Build.0 = Debug|Any CPU
		{8144F6D8-B315-43FE-BD90-A374932B4C02}.Debug|x86.ActiveCfg = Debug|x86
		{8144F6D8-B315-43FE-BD90-A374932B4C02}.Debug|x86.Build.0 = Debug|x86
		{8144F6D8-B315-43FE-BD90-A374932B4C02}.Minimal Debug|Any CPU.ActiveCfg = Debug|Any CPU
		{8144F6D8-B315-43FE-BD90-A374932B4C02}.Minimal Debug|Any CPU.Build.0 = Debug|Any CPU
		{8144F6D8-B315-43FE-BD90-A374932B4C02}.Minimal Debug|x86.ActiveCfg = Debug|x86
		{8144F6D8-B315-43FE-BD90-A374932B4C02}.Minimal Debug|x86.Build.0 = Debug|x86
		{8144F6D8-B315-43FE-BD90-A374932B4C02}.Release|Any CPU.ActiveCfg = Release|Any CPU
		{8144F6D8-B315-43FE-BD90-A374932B4C02}.Release|Any CPU.Build.0 = Release|Any CPU
		{8144F6D8-B315-43FE-BD90-A374932B4C02}.Release|x86.ActiveCfg = Release|x86
		{8144F6D8-B315-43FE-BD90-A374932B4C02}.Release|x86.Build.0 = Release|x86
		{8144F6D8-B315-43FE-BD90-A374932B4C02}.test|Any CPU.ActiveCfg = Release|x86
		{8144F6D8-B315-43FE-BD90-A374932B4C02}.test|x86.ActiveCfg = Release|x86
		{8144F6D8-B315-43FE-BD90-A374932B4C02}.test|x86.Build.0 = Release|x86
		{7CCD52F9-C801-4C2B-AA9D-B7E217F307A0}.Debug|Any CPU.ActiveCfg = Debug|Any CPU
		{7CCD52F9-C801-4C2B-AA9D-B7E217F307A0}.Debug|Any CPU.Build.0 = Debug|Any CPU
		{7CCD52F9-C801-4C2B-AA9D-B7E217F307A0}.Debug|x86.ActiveCfg = Debug|Any CPU
		{7CCD52F9-C801-4C2B-AA9D-B7E217F307A0}.Minimal Debug|Any CPU.ActiveCfg = Minimal Debug|Any CPU
		{7CCD52F9-C801-4C2B-AA9D-B7E217F307A0}.Minimal Debug|Any CPU.Build.0 = Minimal Debug|Any CPU
		{7CCD52F9-C801-4C2B-AA9D-B7E217F307A0}.Minimal Debug|x86.ActiveCfg = Minimal Debug|Any CPU
		{7CCD52F9-C801-4C2B-AA9D-B7E217F307A0}.Release|Any CPU.ActiveCfg = Release|Any CPU
		{7CCD52F9-C801-4C2B-AA9D-B7E217F307A0}.Release|Any CPU.Build.0 = Release|Any CPU
		{7CCD52F9-C801-4C2B-AA9D-B7E217F307A0}.Release|x86.ActiveCfg = Release|Any CPU
		{7CCD52F9-C801-4C2B-AA9D-B7E217F307A0}.test|Any CPU.ActiveCfg = Minimal Debug|Any CPU
		{7CCD52F9-C801-4C2B-AA9D-B7E217F307A0}.test|Any CPU.Build.0 = Minimal Debug|Any CPU
		{7CCD52F9-C801-4C2B-AA9D-B7E217F307A0}.test|x86.ActiveCfg = Minimal Debug|Any CPU
		{69E083B4-AC97-4416-B7D4-61DEBA8A910D}.Debug|Any CPU.ActiveCfg = Debug|Any CPU
		{69E083B4-AC97-4416-B7D4-61DEBA8A910D}.Debug|Any CPU.Build.0 = Debug|Any CPU
		{69E083B4-AC97-4416-B7D4-61DEBA8A910D}.Debug|x86.ActiveCfg = Debug|Any CPU
		{69E083B4-AC97-4416-B7D4-61DEBA8A910D}.Minimal Debug|Any CPU.ActiveCfg = Debug|Any CPU
		{69E083B4-AC97-4416-B7D4-61DEBA8A910D}.Minimal Debug|Any CPU.Build.0 = Debug|Any CPU
		{69E083B4-AC97-4416-B7D4-61DEBA8A910D}.Minimal Debug|x86.ActiveCfg = Debug|Any CPU
		{69E083B4-AC97-4416-B7D4-61DEBA8A910D}.Release|Any CPU.ActiveCfg = Release|Any CPU
		{69E083B4-AC97-4416-B7D4-61DEBA8A910D}.Release|Any CPU.Build.0 = Release|Any CPU
		{69E083B4-AC97-4416-B7D4-61DEBA8A910D}.Release|x86.ActiveCfg = Release|Any CPU
		{69E083B4-AC97-4416-B7D4-61DEBA8A910D}.test|Any CPU.ActiveCfg = Release|Any CPU
		{69E083B4-AC97-4416-B7D4-61DEBA8A910D}.test|Any CPU.Build.0 = Release|Any CPU
		{69E083B4-AC97-4416-B7D4-61DEBA8A910D}.test|x86.ActiveCfg = Release|Any CPU
		{3393A6E2-BB27-4D53-ACAA-629723D51F5E}.Debug|Any CPU.ActiveCfg = Debug|Any CPU
		{3393A6E2-BB27-4D53-ACAA-629723D51F5E}.Debug|Any CPU.Build.0 = Debug|Any CPU
		{3393A6E2-BB27-4D53-ACAA-629723D51F5E}.Debug|x86.ActiveCfg = Debug|Any CPU
		{3393A6E2-BB27-4D53-ACAA-629723D51F5E}.Minimal Debug|Any CPU.ActiveCfg = Debug|Any CPU
		{3393A6E2-BB27-4D53-ACAA-629723D51F5E}.Minimal Debug|Any CPU.Build.0 = Debug|Any CPU
		{3393A6E2-BB27-4D53-ACAA-629723D51F5E}.Minimal Debug|x86.ActiveCfg = Debug|Any CPU
		{3393A6E2-BB27-4D53-ACAA-629723D51F5E}.Release|Any CPU.ActiveCfg = Release|Any CPU
		{3393A6E2-BB27-4D53-ACAA-629723D51F5E}.Release|Any CPU.Build.0 = Release|Any CPU
		{3393A6E2-BB27-4D53-ACAA-629723D51F5E}.Release|x86.ActiveCfg = Release|Any CPU
		{3393A6E2-BB27-4D53-ACAA-629723D51F5E}.test|Any CPU.ActiveCfg = Release|Any CPU
		{3393A6E2-BB27-4D53-ACAA-629723D51F5E}.test|Any CPU.Build.0 = Release|Any CPU
		{3393A6E2-BB27-4D53-ACAA-629723D51F5E}.test|x86.ActiveCfg = Release|Any CPU
		{6EE8E00A-DB7C-41A7-BC66-527CB4C08D83}.Debug|Any CPU.ActiveCfg = Debug|Any CPU
		{6EE8E00A-DB7C-41A7-BC66-527CB4C08D83}.Debug|Any CPU.Build.0 = Debug|Any CPU
		{6EE8E00A-DB7C-41A7-BC66-527CB4C08D83}.Debug|x86.ActiveCfg = Debug|Any CPU
		{6EE8E00A-DB7C-41A7-BC66-527CB4C08D83}.Minimal Debug|Any CPU.ActiveCfg = Debug|Any CPU
		{6EE8E00A-DB7C-41A7-BC66-527CB4C08D83}.Minimal Debug|Any CPU.Build.0 = Debug|Any CPU
		{6EE8E00A-DB7C-41A7-BC66-527CB4C08D83}.Minimal Debug|x86.ActiveCfg = Debug|Any CPU
		{6EE8E00A-DB7C-41A7-BC66-527CB4C08D83}.Release|Any CPU.ActiveCfg = Release|Any CPU
		{6EE8E00A-DB7C-41A7-BC66-527CB4C08D83}.Release|Any CPU.Build.0 = Release|Any CPU
		{6EE8E00A-DB7C-41A7-BC66-527CB4C08D83}.Release|x86.ActiveCfg = Release|Any CPU
		{6EE8E00A-DB7C-41A7-BC66-527CB4C08D83}.test|Any CPU.ActiveCfg = Release|Any CPU
		{6EE8E00A-DB7C-41A7-BC66-527CB4C08D83}.test|Any CPU.Build.0 = Release|Any CPU
		{6EE8E00A-DB7C-41A7-BC66-527CB4C08D83}.test|x86.ActiveCfg = Release|Any CPU
		{DDEB9FA1-8435-456F-91E8-3C23125BE427}.Debug|Any CPU.ActiveCfg = Debug|Any CPU
		{DDEB9FA1-8435-456F-91E8-3C23125BE427}.Debug|Any CPU.Build.0 = Debug|Any CPU
		{DDEB9FA1-8435-456F-91E8-3C23125BE427}.Debug|x86.ActiveCfg = Debug|Any CPU
		{DDEB9FA1-8435-456F-91E8-3C23125BE427}.Minimal Debug|Any CPU.ActiveCfg = Debug|Any CPU
		{DDEB9FA1-8435-456F-91E8-3C23125BE427}.Minimal Debug|Any CPU.Build.0 = Debug|Any CPU
		{DDEB9FA1-8435-456F-91E8-3C23125BE427}.Minimal Debug|x86.ActiveCfg = Debug|Any CPU
		{DDEB9FA1-8435-456F-91E8-3C23125BE427}.Release|Any CPU.ActiveCfg = Release|Any CPU
		{DDEB9FA1-8435-456F-91E8-3C23125BE427}.Release|Any CPU.Build.0 = Release|Any CPU
		{DDEB9FA1-8435-456F-91E8-3C23125BE427}.Release|x86.ActiveCfg = Release|Any CPU
		{DDEB9FA1-8435-456F-91E8-3C23125BE427}.test|Any CPU.ActiveCfg = Release|Any CPU
		{DDEB9FA1-8435-456F-91E8-3C23125BE427}.test|Any CPU.Build.0 = Release|Any CPU
		{DDEB9FA1-8435-456F-91E8-3C23125BE427}.test|x86.ActiveCfg = Release|Any CPU
		{EA570592-1FAB-412F-AA0C-159C947608CD}.Debug|Any CPU.ActiveCfg = Debug|Any CPU
		{EA570592-1FAB-412F-AA0C-159C947608CD}.Debug|Any CPU.Build.0 = Debug|Any CPU
		{EA570592-1FAB-412F-AA0C-159C947608CD}.Debug|x86.ActiveCfg = Debug|Any CPU
		{EA570592-1FAB-412F-AA0C-159C947608CD}.Minimal Debug|Any CPU.ActiveCfg = Debug|Any CPU
		{EA570592-1FAB-412F-AA0C-159C947608CD}.Minimal Debug|Any CPU.Build.0 = Debug|Any CPU
		{EA570592-1FAB-412F-AA0C-159C947608CD}.Minimal Debug|x86.ActiveCfg = Debug|Any CPU
		{EA570592-1FAB-412F-AA0C-159C947608CD}.Release|Any CPU.ActiveCfg = Release|Any CPU
		{EA570592-1FAB-412F-AA0C-159C947608CD}.Release|Any CPU.Build.0 = Release|Any CPU
		{EA570592-1FAB-412F-AA0C-159C947608CD}.Release|x86.ActiveCfg = Release|Any CPU
		{EA570592-1FAB-412F-AA0C-159C947608CD}.test|Any CPU.ActiveCfg = Release|Any CPU
		{EA570592-1FAB-412F-AA0C-159C947608CD}.test|Any CPU.Build.0 = Release|Any CPU
		{EA570592-1FAB-412F-AA0C-159C947608CD}.test|x86.ActiveCfg = Release|Any CPU
	EndGlobalSection
	GlobalSection(SolutionProperties) = preSolution
		HideSolutionNode = FALSE
	EndGlobalSection
EndGlobal
